
Microsoft Visual Studio Solution File, Format Version 12.00
# Visual Studio Version 16
VisualStudioVersion = 16.0.29503.13
MinimumVisualStudioVersion = 10.0.40219.1
Project("{FAE04EC0-301F-11D3-BF4B-00C04F79EFBC}") = "Client", "Client\Client.csproj", "{C65ADD79-9AD8-4996-A634-6423D08D57A5}"
EndProject
Global
	GlobalSection(SolutionConfigurationPlatforms) = preSolution
		Debug|Any CPU = Debug|Any CPU
		Release|Any CPU = Release|Any CPU
	EndGlobalSection
	GlobalSection(ProjectConfigurationPlatforms) = postSolution
		{C65ADD79-9AD8-4996-A634-6423D08D57A5}.Debug|Any CPU.ActiveCfg = Debug|Any CPU
		{C65ADD79-9AD8-4996-A634-6423D08D57A5}.Debug|Any CPU.Build.0 = Debug|Any CPU
		{C65ADD79-9AD8-4996-A634-6423D08D57A5}.Release|Any CPU.ActiveCfg = Release|Any CPU
		{C65ADD79-9AD8-4996-A634-6423D08D57A5}.Release|Any CPU.Build.0 = Release|Any CPU
	EndGlobalSection
	GlobalSection(SolutionProperties) = preSolution
		HideSolutionNode = FALSE
	EndGlobalSection
	GlobalSection(ExtensibilityGlobals) = postSolution
		SolutionGuid = {4CED4852-D2E0-4072-8366-6D034FB9BDDB}
	EndGlobalSection
EndGlobal
